Microsoft Visual Studio Solution File, Format Version 12.00
# Visual Studio Version 17
VisualStudioVersion = 17.5.2.0
MinimumVisualStudioVersion = 10.0.40219.1
Project("{FAE04EC0-301F-11D3-BF4B-00C04F79EFBC}") = "DataExportTool", "DataExportTool.csproj", "{E81AF1FF-72F1-6315-8A68-0E83175C67EF}"
EndProject
Global
	GlobalSection(SolutionConfigurationPlatforms) = preSolution
		Debug|Any CPU = Debug|Any CPU
		Release|Any CPU = Release|Any CPU
	EndGlobalSection
	GlobalSection(ProjectConfigurationPlatforms) = postSolution
		{E81AF1FF-72F1-6315-8A68-0E83175C67EF}.Debug|Any CPU.ActiveCfg = Debug|Any CPU
		{E81AF1FF-72F1-6315-8A68-0E83175C67EF}.Debug|Any CPU.Build.0 = Debug|Any CPU
		{E81AF1FF-72F1-6315-8A68-0E83175C67EF}.Release|Any CPU.ActiveCfg = Release|Any CPU
		{E81AF1FF-72F1-6315-8A68-0E83175C67EF}.Release|Any CPU.Build.0 = Release|Any CPU
	EndGlobalSection
	GlobalSection(SolutionProperties) = preSolution
		HideSolutionNode = FALSE
	EndGlobalSection
	GlobalSection(ExtensibilityGlobals) = postSolution
		SolutionGuid = {FC6706AD-7121-461F-8DAB-7C12D78A1797}
	EndGlobalSection
EndGlobal
