
Microsoft Visual Studio Solution File, Format Version 12.00
# Visual Studio Version 17
VisualStudioVersion = 17.11.35312.102
MinimumVisualStudioVersion = 10.0.40219.1
Project("{9A19103F-16F7-4668-BE54-9A1E7A4F7556}") = "DataExportTool", "DataExportTool\DataExportTool.csproj", "{B97CE468-BB78-4521-80C8-389CAF1DDB1B}"
EndProject
Project("{2150E333-8FDC-42A3-9474-1A3956D46DE8}") = "Solution Items", "Solution Items", "{32061A66-08E6-475D-844A-186222721F1D}"
	ProjectSection(SolutionItems) = preProject
		.editorconfig = .editorconfig
	EndProjectSection
EndProject
Global
	GlobalSection(SolutionConfigurationPlatforms) = preSolution
		Debug|Any CPU = Debug|Any CPU
		Release|Any CPU = Release|Any CPU
	EndGlobalSection
	GlobalSection(ProjectConfigurationPlatforms) = postSolution
		{B97CE468-BB78-4521-80C8-389CAF1DDB1B}.Debug|Any CPU.ActiveCfg = Debug|Any CPU
		{B97CE468-BB78-4521-80C8-389CAF1DDB1B}.Debug|Any CPU.Build.0 = Debug|Any CPU
		{B97CE468-BB78-4521-80C8-389CAF1DDB1B}.Release|Any CPU.ActiveCfg = Release|Any CPU
		{B97CE468-BB78-4521-80C8-389CAF1DDB1B}.Release|Any CPU.Build.0 = Release|Any CPU
	EndGlobalSection
	GlobalSection(SolutionProperties) = preSolution
		HideSolutionNode = FALSE
	EndGlobalSection
	GlobalSection(ExtensibilityGlobals) = postSolution
		SolutionGuid = {43A9F9CF-C48D-42F4-9B52-FC03D6098FD9}
	EndGlobalSection
EndGlobal
